
Microsoft Visual Studio Solution File, Format Version 12.00
# Visual Studio Version 17
VisualStudioVersion = 17.14.36616.10 d17.14
MinimumVisualStudioVersion = 10.0.40219.1
Project("{FAE04EC0-301F-11D3-BF4B-00C04F79EFBC}") = "Bibliotrack.API", "Bibliotrack.API\Bibliotrack.API.csproj", "{4581CB14-3904-487A-A736-FBE4AAB59985}"
EndProject
Project("{FAE04EC0-301F-11D3-BF4B-00C04F79EFBC}") = "Bibliotrack.Domain", "Bibliotrack.Domain\Bibliotrack.Domain.csproj", "{DFB2C702-A320-4A63-9283-5684A3ECA8F9}"
EndProject
Project("{FAE04EC0-301F-11D3-BF4B-00C04F79EFBC}") = "Bibliotrack.Infrastructure", "Bibliotrack.Infrastructure\Bibliotrack.Infrastructure.csproj", "{AC1D2C88-30FC-4165-AF4B-9132A6978118}"
EndProject
Project("{FAE04EC0-301F-11D3-BF4B-00C04F79EFBC}") = "Bibliotrack.Application", "Bibliotrack.Application\Bibliotrack.Application.csproj", "{77982DB5-1942-49E9-AFA7-54AA700D7C49}"
EndProject
Global
	GlobalSection(SolutionConfigurationPlatforms) = preSolution
		Debug|Any CPU = Debug|Any CPU
		Release|Any CPU = Release|Any CPU
	EndGlobalSection
	GlobalSection(ProjectConfigurationPlatforms) = postSolution
		{4581CB14-3904-487A-A736-FBE4AAB59985}.Debug|Any CPU.ActiveCfg = Debug|Any CPU
		{4581CB14-3904-487A-A736-FBE4AAB59985}.Debug|Any CPU.Build.0 = Debug|Any CPU
		{4581CB14-3904-487A-A736-FBE4AAB59985}.Release|Any CPU.ActiveCfg = Release|Any CPU
		{4581CB14-3904-487A-A736-FBE4AAB59985}.Release|Any CPU.Build.0 = Release|Any CPU
		{DFB2C702-A320-4A63-9283-5684A3ECA8F9}.Debug|Any CPU.ActiveCfg = Debug|Any CPU
		{DFB2C702-A320-4A63-9283-5684A3ECA8F9}.Debug|Any CPU.Build.0 = Debug|Any CPU
		{DFB2C702-A320-4A63-9283-5684A3ECA8F9}.Release|Any CPU.ActiveCfg = Release|Any CPU
		{DFB2C702-A320-4A63-9283-5684A3ECA8F9}.Release|Any CPU.Build.0 = Release|Any CPU
		{AC1D2C88-30FC-4165-AF4B-9132A6978118}.Debug|Any CPU.ActiveCfg = Debug|Any CPU
		{AC1D2C88-30FC-4165-AF4B-9132A6978118}.Debug|Any CPU.Build.0 = Debug|Any CPU
		{AC1D2C88-30FC-4165-AF4B-9132A6978118}.Release|Any CPU.ActiveCfg = Release|Any CPU
		{AC1D2C88-30FC-4165-AF4B-9132A6978118}.Release|Any CPU.Build.0 = Release|Any CPU
		{77982DB5-1942-49E9-AFA7-54AA700D7C49}.Debug|Any CPU.ActiveCfg = Debug|Any CPU
		{77982DB5-1942-49E9-AFA7-54AA700D7C49}.Debug|Any CPU.Build.0 = Debug|Any CPU
		{77982DB5-1942-49E9-AFA7-54AA700D7C49}.Release|Any CPU.ActiveCfg = Release|Any CPU
		{77982DB5-1942-49E9-AFA7-54AA700D7C49}.Release|Any CPU.Build.0 = Release|Any CPU
	EndGlobalSection
	GlobalSection(SolutionProperties) = preSolution
		HideSolutionNode = FALSE
	EndGlobalSection
	GlobalSection(ExtensibilityGlobals) = postSolution
		SolutionGuid = {1AD77D93-CAF0-4E3B-A56D-41E3CAFE7A97}
	EndGlobalSection
EndGlobal
